
Microsoft Visual Studio Solution File, Format Version 12.00
# Visual Studio 15
VisualStudioVersion = 15.0.27703.1
MinimumVisualStudioVersion = 10.0.40219.1
Project("{FAE04EC0-301F-11D3-BF4B-00C04F79EFBC}") = "AddressDemo", "AddressDemo\AddressDemo.csproj", "{585303DE-D10B-4A6F-B749-911AEA35E802}"
EndProject
Global
	GlobalSection(SolutionConfigurationPlatforms) = preSolution
		Debug|Any CPU = Debug|Any CPU
		Release|Any CPU = Release|Any CPU
	EndGlobalSection
	GlobalSection(ProjectConfigurationPlatforms) = postSolution
		{585303DE-D10B-4A6F-B749-911AEA35E802}.Debug|Any CPU.ActiveCfg = Debug|Any CPU
		{585303DE-D10B-4A6F-B749-911AEA35E802}.Debug|Any CPU.Build.0 = Debug|Any CPU
		{585303DE-D10B-4A6F-B749-911AEA35E802}.Release|Any CPU.ActiveCfg = Release|Any CPU
		{585303DE-D10B-4A6F-B749-911AEA35E802}.Release|Any CPU.Build.0 = Release|Any CPU
	EndGlobalSection
	GlobalSection(SolutionProperties) = preSolution
		HideSolutionNode = FALSE
	EndGlobalSection
	GlobalSection(ExtensibilityGlobals) = postSolution
		SolutionGuid = {13E43190-710E-44C1-BD5A-1F86AF87447A}
	EndGlobalSection
EndGlobal
